
Microsoft Visual Studio Solution File, Format Version 12.00
# Visual Studio Version 17
VisualStudioVersion = 17.10.35013.160
MinimumVisualStudioVersion = 10.0.40219.1
Project("{FAE04EC0-301F-11D3-BF4B-00C04F79EFBC}") = "Problem11Course23", "Problem11Course23.csproj", "{9DC51528-A799-4ACA-85D8-81BA1ACB0904}"
EndProject
Global
	GlobalSection(SolutionConfigurationPlatforms) = preSolution
		Debug|Any CPU = Debug|Any CPU
		Release|Any CPU = Release|Any CPU
	EndGlobalSection
	GlobalSection(ProjectConfigurationPlatforms) = postSolution
		{9DC51528-A799-4ACA-85D8-81BA1ACB0904}.Debug|Any CPU.ActiveCfg = Debug|Any CPU
		{9DC51528-A799-4ACA-85D8-81BA1ACB0904}.Debug|Any CPU.Build.0 = Debug|Any CPU
		{9DC51528-A799-4ACA-85D8-81BA1ACB0904}.Release|Any CPU.ActiveCfg = Release|Any CPU
		{9DC51528-A799-4ACA-85D8-81BA1ACB0904}.Release|Any CPU.Build.0 = Release|Any CPU
	EndGlobalSection
	GlobalSection(SolutionProperties) = preSolution
		HideSolutionNode = FALSE
	EndGlobalSection
	GlobalSection(ExtensibilityGlobals) = postSolution
		SolutionGuid = {5A83A397-53AC-4E59-A123-493F13880226}
	EndGlobalSection
EndGlobal
