
Microsoft Visual Studio Solution File, Format Version 12.00
# Visual Studio Version 17
VisualStudioVersion = 17.10.35013.160
MinimumVisualStudioVersion = 10.0.40219.1
Project("{FAE04EC0-301F-11D3-BF4B-00C04F79EFBC}") = "Problem2Course23", "Problem2Course23.csproj", "{6C4B7D4A-3DB5-4F89-BBE8-5741DD2F9CB4}"
EndProject
Global
	GlobalSection(SolutionConfigurationPlatforms) = preSolution
		Debug|Any CPU = Debug|Any CPU
		Release|Any CPU = Release|Any CPU
	EndGlobalSection
	GlobalSection(ProjectConfigurationPlatforms) = postSolution
		{6C4B7D4A-3DB5-4F89-BBE8-5741DD2F9CB4}.Debug|Any CPU.ActiveCfg = Debug|Any CPU
		{6C4B7D4A-3DB5-4F89-BBE8-5741DD2F9CB4}.Debug|Any CPU.Build.0 = Debug|Any CPU
		{6C4B7D4A-3DB5-4F89-BBE8-5741DD2F9CB4}.Release|Any CPU.ActiveCfg = Release|Any CPU
		{6C4B7D4A-3DB5-4F89-BBE8-5741DD2F9CB4}.Release|Any CPU.Build.0 = Release|Any CPU
	EndGlobalSection
	GlobalSection(SolutionProperties) = preSolution
		HideSolutionNode = FALSE
	EndGlobalSection
	GlobalSection(ExtensibilityGlobals) = postSolution
		SolutionGuid = {DD2B6BE0-54ED-4284-9C90-2EE7BEB90BA6}
	EndGlobalSection
EndGlobal
