
Microsoft Visual Studio Solution File, Format Version 12.00
# Visual Studio Version 17
VisualStudioVersion = 17.10.35013.160
MinimumVisualStudioVersion = 10.0.40219.1
Project("{FAE04EC0-301F-11D3-BF4B-00C04F79EFBC}") = "Problem9Course23", "Problem9Course23.csproj", "{0579F2BE-1A97-45BB-9BA4-488BF15FCD14}"
EndProject
Global
	GlobalSection(SolutionConfigurationPlatforms) = preSolution
		Debug|Any CPU = Debug|Any CPU
		Release|Any CPU = Release|Any CPU
	EndGlobalSection
	GlobalSection(ProjectConfigurationPlatforms) = postSolution
		{0579F2BE-1A97-45BB-9BA4-488BF15FCD14}.Debug|Any CPU.ActiveCfg = Debug|Any CPU
		{0579F2BE-1A97-45BB-9BA4-488BF15FCD14}.Debug|Any CPU.Build.0 = Debug|Any CPU
		{0579F2BE-1A97-45BB-9BA4-488BF15FCD14}.Release|Any CPU.ActiveCfg = Release|Any CPU
		{0579F2BE-1A97-45BB-9BA4-488BF15FCD14}.Release|Any CPU.Build.0 = Release|Any CPU
	EndGlobalSection
	GlobalSection(SolutionProperties) = preSolution
		HideSolutionNode = FALSE
	EndGlobalSection
	GlobalSection(ExtensibilityGlobals) = postSolution
		SolutionGuid = {D124A84A-B949-4CB1-8AA6-C7CB45E685EE}
	EndGlobalSection
EndGlobal
