
Microsoft Visual Studio Solution File, Format Version 12.00
# Visual Studio Version 17
VisualStudioVersion = 17.10.35013.160
MinimumVisualStudioVersion = 10.0.40219.1
Project("{FAE04EC0-301F-11D3-BF4B-00C04F79EFBC}") = "Problem17Course23", "Problem17Course23.csproj", "{9838D614-CE29-48BB-8F13-00A4A667EAB3}"
EndProject
Global
	GlobalSection(SolutionConfigurationPlatforms) = preSolution
		Debug|Any CPU = Debug|Any CPU
		Release|Any CPU = Release|Any CPU
	EndGlobalSection
	GlobalSection(ProjectConfigurationPlatforms) = postSolution
		{9838D614-CE29-48BB-8F13-00A4A667EAB3}.Debug|Any CPU.ActiveCfg = Debug|Any CPU
		{9838D614-CE29-48BB-8F13-00A4A667EAB3}.Debug|Any CPU.Build.0 = Debug|Any CPU
		{9838D614-CE29-48BB-8F13-00A4A667EAB3}.Release|Any CPU.ActiveCfg = Release|Any CPU
		{9838D614-CE29-48BB-8F13-00A4A667EAB3}.Release|Any CPU.Build.0 = Release|Any CPU
	EndGlobalSection
	GlobalSection(SolutionProperties) = preSolution
		HideSolutionNode = FALSE
	EndGlobalSection
	GlobalSection(ExtensibilityGlobals) = postSolution
		SolutionGuid = {C9CB7E56-1A95-4071-80A6-0504B8FCF6A4}
	EndGlobalSection
EndGlobal
