
Microsoft Visual Studio Solution File, Format Version 12.00
# Visual Studio Version 17
VisualStudioVersion = 17.10.35013.160
MinimumVisualStudioVersion = 10.0.40219.1
Project("{FAE04EC0-301F-11D3-BF4B-00C04F79EFBC}") = "Problem24Course23", "Problem24Course23.csproj", "{AC225E54-69AC-4524-ADD5-F4E12EF865E3}"
EndProject
Global
	GlobalSection(SolutionConfigurationPlatforms) = preSolution
		Debug|Any CPU = Debug|Any CPU
		Release|Any CPU = Release|Any CPU
	EndGlobalSection
	GlobalSection(ProjectConfigurationPlatforms) = postSolution
		{AC225E54-69AC-4524-ADD5-F4E12EF865E3}.Debug|Any CPU.ActiveCfg = Debug|Any CPU
		{AC225E54-69AC-4524-ADD5-F4E12EF865E3}.Debug|Any CPU.Build.0 = Debug|Any CPU
		{AC225E54-69AC-4524-ADD5-F4E12EF865E3}.Release|Any CPU.ActiveCfg = Release|Any CPU
		{AC225E54-69AC-4524-ADD5-F4E12EF865E3}.Release|Any CPU.Build.0 = Release|Any CPU
	EndGlobalSection
	GlobalSection(SolutionProperties) = preSolution
		HideSolutionNode = FALSE
	EndGlobalSection
	GlobalSection(ExtensibilityGlobals) = postSolution
		SolutionGuid = {A2428506-85D4-4538-BAF8-DA6F56D149A7}
	EndGlobalSection
EndGlobal
