
Microsoft Visual Studio Solution File, Format Version 12.00
# Visual Studio Version 17
VisualStudioVersion = 17.10.35013.160
MinimumVisualStudioVersion = 10.0.40219.1
Project("{FAE04EC0-301F-11D3-BF4B-00C04F79EFBC}") = "Problem28Course23", "Problem28Course23.csproj", "{6712EBD9-DAD5-4D61-A5B9-52FAE2E190B2}"
EndProject
Global
	GlobalSection(SolutionConfigurationPlatforms) = preSolution
		Debug|Any CPU = Debug|Any CPU
		Release|Any CPU = Release|Any CPU
	EndGlobalSection
	GlobalSection(ProjectConfigurationPlatforms) = postSolution
		{6712EBD9-DAD5-4D61-A5B9-52FAE2E190B2}.Debug|Any CPU.ActiveCfg = Debug|Any CPU
		{6712EBD9-DAD5-4D61-A5B9-52FAE2E190B2}.Debug|Any CPU.Build.0 = Debug|Any CPU
		{6712EBD9-DAD5-4D61-A5B9-52FAE2E190B2}.Release|Any CPU.ActiveCfg = Release|Any CPU
		{6712EBD9-DAD5-4D61-A5B9-52FAE2E190B2}.Release|Any CPU.Build.0 = Release|Any CPU
	EndGlobalSection
	GlobalSection(SolutionProperties) = preSolution
		HideSolutionNode = FALSE
	EndGlobalSection
	GlobalSection(ExtensibilityGlobals) = postSolution
		SolutionGuid = {A9B56ED3-F3BF-46DF-8D42-CF733E59ABA3}
	EndGlobalSection
EndGlobal
