
Microsoft Visual Studio Solution File, Format Version 12.00
# Visual Studio Version 17
VisualStudioVersion = 17.10.35013.160
MinimumVisualStudioVersion = 10.0.40219.1
Project("{FAE04EC0-301F-11D3-BF4B-00C04F79EFBC}") = "Problem29Course23", "Problem29Course23.csproj", "{176162B3-08B2-4EEA-988D-D561058A23A2}"
EndProject
Global
	GlobalSection(SolutionConfigurationPlatforms) = preSolution
		Debug|Any CPU = Debug|Any CPU
		Release|Any CPU = Release|Any CPU
	EndGlobalSection
	GlobalSection(ProjectConfigurationPlatforms) = postSolution
		{176162B3-08B2-4EEA-988D-D561058A23A2}.Debug|Any CPU.ActiveCfg = Debug|Any CPU
		{176162B3-08B2-4EEA-988D-D561058A23A2}.Debug|Any CPU.Build.0 = Debug|Any CPU
		{176162B3-08B2-4EEA-988D-D561058A23A2}.Release|Any CPU.ActiveCfg = Release|Any CPU
		{176162B3-08B2-4EEA-988D-D561058A23A2}.Release|Any CPU.Build.0 = Release|Any CPU
	EndGlobalSection
	GlobalSection(SolutionProperties) = preSolution
		HideSolutionNode = FALSE
	EndGlobalSection
	GlobalSection(ExtensibilityGlobals) = postSolution
		SolutionGuid = {DCBBE3BB-51EE-4166-B289-25B5CBA24CEE}
	EndGlobalSection
EndGlobal
