
Microsoft Visual Studio Solution File, Format Version 12.00
# Visual Studio Version 17
VisualStudioVersion = 17.10.35013.160
MinimumVisualStudioVersion = 10.0.40219.1
Project("{FAE04EC0-301F-11D3-BF4B-00C04F79EFBC}") = "Problem6Course23", "Problem6Course23.csproj", "{902DF216-6E08-420F-86EA-BEE867378B76}"
EndProject
Global
	GlobalSection(SolutionConfigurationPlatforms) = preSolution
		Debug|Any CPU = Debug|Any CPU
		Release|Any CPU = Release|Any CPU
	EndGlobalSection
	GlobalSection(ProjectConfigurationPlatforms) = postSolution
		{902DF216-6E08-420F-86EA-BEE867378B76}.Debug|Any CPU.ActiveCfg = Debug|Any CPU
		{902DF216-6E08-420F-86EA-BEE867378B76}.Debug|Any CPU.Build.0 = Debug|Any CPU
		{902DF216-6E08-420F-86EA-BEE867378B76}.Release|Any CPU.ActiveCfg = Release|Any CPU
		{902DF216-6E08-420F-86EA-BEE867378B76}.Release|Any CPU.Build.0 = Release|Any CPU
	EndGlobalSection
	GlobalSection(SolutionProperties) = preSolution
		HideSolutionNode = FALSE
	EndGlobalSection
	GlobalSection(ExtensibilityGlobals) = postSolution
		SolutionGuid = {5F25C946-FCEF-41DC-A5F0-231FFDB72B4E}
	EndGlobalSection
EndGlobal
