
Microsoft Visual Studio Solution File, Format Version 12.00
# Visual Studio Version 17
VisualStudioVersion = 17.10.35013.160
MinimumVisualStudioVersion = 10.0.40219.1
Project("{FAE04EC0-301F-11D3-BF4B-00C04F79EFBC}") = "Problem15Course23", "Problem15Course23.csproj", "{BB75E1AB-B671-45EE-B6AF-56114EDB7F8D}"
EndProject
Global
	GlobalSection(SolutionConfigurationPlatforms) = preSolution
		Debug|Any CPU = Debug|Any CPU
		Release|Any CPU = Release|Any CPU
	EndGlobalSection
	GlobalSection(ProjectConfigurationPlatforms) = postSolution
		{BB75E1AB-B671-45EE-B6AF-56114EDB7F8D}.Debug|Any CPU.ActiveCfg = Debug|Any CPU
		{BB75E1AB-B671-45EE-B6AF-56114EDB7F8D}.Debug|Any CPU.Build.0 = Debug|Any CPU
		{BB75E1AB-B671-45EE-B6AF-56114EDB7F8D}.Release|Any CPU.ActiveCfg = Release|Any CPU
		{BB75E1AB-B671-45EE-B6AF-56114EDB7F8D}.Release|Any CPU.Build.0 = Release|Any CPU
	EndGlobalSection
	GlobalSection(SolutionProperties) = preSolution
		HideSolutionNode = FALSE
	EndGlobalSection
	GlobalSection(ExtensibilityGlobals) = postSolution
		SolutionGuid = {A3412DFF-C437-4D6E-B13E-D2A58FF0F5FE}
	EndGlobalSection
EndGlobal
