
Microsoft Visual Studio Solution File, Format Version 12.00
# Visual Studio Version 17
VisualStudioVersion = 17.10.35013.160
MinimumVisualStudioVersion = 10.0.40219.1
Project("{FAE04EC0-301F-11D3-BF4B-00C04F79EFBC}") = "Problem21Course23", "Problem21Course23.csproj", "{62C1B98E-846A-4CAA-A7B4-3DBE981804E6}"
EndProject
Global
	GlobalSection(SolutionConfigurationPlatforms) = preSolution
		Debug|Any CPU = Debug|Any CPU
		Release|Any CPU = Release|Any CPU
	EndGlobalSection
	GlobalSection(ProjectConfigurationPlatforms) = postSolution
		{62C1B98E-846A-4CAA-A7B4-3DBE981804E6}.Debug|Any CPU.ActiveCfg = Debug|Any CPU
		{62C1B98E-846A-4CAA-A7B4-3DBE981804E6}.Debug|Any CPU.Build.0 = Debug|Any CPU
		{62C1B98E-846A-4CAA-A7B4-3DBE981804E6}.Release|Any CPU.ActiveCfg = Release|Any CPU
		{62C1B98E-846A-4CAA-A7B4-3DBE981804E6}.Release|Any CPU.Build.0 = Release|Any CPU
	EndGlobalSection
	GlobalSection(SolutionProperties) = preSolution
		HideSolutionNode = FALSE
	EndGlobalSection
	GlobalSection(ExtensibilityGlobals) = postSolution
		SolutionGuid = {F0EA21C5-1135-4CDA-B07A-E0D366A55F13}
	EndGlobalSection
EndGlobal
